
Microsoft Visual Studio Solution File, Format Version 12.00
# Visual Studio Version 17
VisualStudioVersion = 17.8.34309.116
MinimumVisualStudioVersion = 10.0.40219.1
Project("{FAE04EC0-301F-11D3-BF4B-00C04F79EFBC}") = "Az400GitHubDemo", "Az400GitHubDemo.csproj", "{F701F263-DF35-4369-A9F9-466E80544A8A}"
EndProject
Global
	GlobalSection(SolutionConfigurationPlatforms) = preSolution
		Debug|Any CPU = Debug|Any CPU
		Release|Any CPU = Release|Any CPU
	EndGlobalSection
	GlobalSection(ProjectConfigurationPlatforms) = postSolution
		{F701F263-DF35-4369-A9F9-466E80544A8A}.Debug|Any CPU.ActiveCfg = Debug|Any CPU
		{F701F263-DF35-4369-A9F9-466E80544A8A}.Debug|Any CPU.Build.0 = Debug|Any CPU
		{F701F263-DF35-4369-A9F9-466E80544A8A}.Release|Any CPU.ActiveCfg = Release|Any CPU
		{F701F263-DF35-4369-A9F9-466E80544A8A}.Release|Any CPU.Build.0 = Release|Any CPU
	EndGlobalSection
	GlobalSection(SolutionProperties) = preSolution
		HideSolutionNode = FALSE
	EndGlobalSection
	GlobalSection(ExtensibilityGlobals) = postSolution
		SolutionGuid = {ADDEF9E0-0458-4D3A-9589-1F896B514136}
	EndGlobalSection
EndGlobal
